
Microsoft Visual Studio Solution File, Format Version 12.00
# Visual Studio Version 17
VisualStudioVersion = 17.5.33424.131
MinimumVisualStudioVersion = 10.0.40219.1
Project("{9A19103F-16F7-4668-BE54-9A1E7A4F7556}") = "CCTavern", "CCTavern.csproj", "{E9BEC55A-D35E-4E06-B53E-6A8A21233BB0}"
EndProject
Project("{2150E333-8FDC-42A3-9474-1A3956D46DE8}") = "Solution Items", "Solution Items", "{8ABC79B5-EB6B-41CC-9337-15BB07BCE85F}"
EndProject
Global
	GlobalSection(SolutionConfigurationPlatforms) = preSolution
		Debug|Any CPU = Debug|Any CPU
		Release|Any CPU = Release|Any CPU
	EndGlobalSection
	GlobalSection(ProjectConfigurationPlatforms) = postSolution
		{E9BEC55A-D35E-4E06-B53E-6A8A21233BB0}.Debug|Any CPU.ActiveCfg = Debug|Any CPU
		{E9BEC55A-D35E-4E06-B53E-6A8A21233BB0}.Debug|Any CPU.Build.0 = Debug|Any CPU
		{E9BEC55A-D35E-4E06-B53E-6A8A21233BB0}.Release|Any CPU.ActiveCfg = Release|Any CPU
		{E9BEC55A-D35E-4E06-B53E-6A8A21233BB0}.Release|Any CPU.Build.0 = Release|Any CPU
	EndGlobalSection
	GlobalSection(SolutionProperties) = preSolution
		HideSolutionNode = FALSE
	EndGlobalSection
	GlobalSection(ExtensibilityGlobals) = postSolution
		SolutionGuid = {633EFB78-CD80-4EBB-9463-E99E3AA7E861}
	EndGlobalSection
EndGlobal
